// !$*UTF8*$!
{
	archiveVersion = 1;
	classes = {
	};
	objectVersion = 55;
	objects = {

/* Begin PBXBuildFile section */
		32916C2027ABD534000DB6BE /* MarvelApp.swift in Sources */ = {isa = PBXBuildFile; fileRef = 32916C1F27ABD534000DB6BE /* MarvelApp.swift */; };
		32916C2227ABD534000DB6BE /* ContentView.swift in Sources */ = {isa = PBXBuildFile; fileRef = 32916C2127ABD534000DB6BE /* ContentView.swift */; };
		32916C2427ABD538000DB6BE /* Assets.xcassets in Resources */ = {isa = PBXBuildFile; fileRef = 32916C2327ABD538000DB6BE /* Assets.xcassets */; };
		32916C2727ABD538000DB6BE /* Preview Assets.xcassets in Resources */ = {isa = PBXBuildFile; fileRef = 32916C2627ABD538000DB6BE /* Preview Assets.xcassets */; };
		32916C3127ABD538000DB6BE /* MarvelTests.swift in Sources */ = {isa = PBXBuildFile; fileRef = 32916C3027ABD538000DB6BE /* MarvelTests.swift */; };
		32916C3B27ABD538000DB6BE /* MarvelUITests.swift in Sources */ = {isa = PBXBuildFile; fileRef = 32916C3A27ABD538000DB6BE /* MarvelUITests.swift */; };
		32916C3D27ABD538000DB6BE /* MarvelUITestsLaunchTests.swift in Sources */ = {isa = PBXBuildFile; fileRef = 32916C3C27ABD538000DB6BE /* MarvelUITestsLaunchTests.swift */; };
		32916C4F27ABD58B000DB6BE /* EndpointType.swift in Sources */ = {isa = PBXBuildFile; fileRef = 32916C4A27ABD58B000DB6BE /* EndpointType.swift */; };
		32916C5027ABD58B000DB6BE /* HTTPMethod.swift in Sources */ = {isa = PBXBuildFile; fileRef = 32916C4B27ABD58B000DB6BE /* HTTPMethod.swift */; };
		32916C5127ABD58B000DB6BE /* APIError.swift in Sources */ = {isa = PBXBuildFile; fileRef = 32916C4C27ABD58B000DB6BE /* APIError.swift */; };
		32916C5327ABD58B000DB6BE /* APIClient.swift in Sources */ = {isa = PBXBuildFile; fileRef = 32916C4E27ABD58B000DB6BE /* APIClient.swift */; };
		32916C5627ABD64B000DB6BE /* Resolver in Frameworks */ = {isa = PBXBuildFile; productRef = 32916C5527ABD64B000DB6BE /* Resolver */; };
		32916C5E27ABD765000DB6BE /* MockAPIClient.swift in Sources */ = {isa = PBXBuildFile; fileRef = 32916C5927ABD765000DB6BE /* MockAPIClient.swift */; };
		32916C5F27ABD765000DB6BE /* SampleCodable.swift in Sources */ = {isa = PBXBuildFile; fileRef = 32916C5A27ABD765000DB6BE /* SampleCodable.swift */; };
		32916C6027ABD765000DB6BE /* JSONParser.swift in Sources */ = {isa = PBXBuildFile; fileRef = 32916C5B27ABD765000DB6BE /* JSONParser.swift */; };
		32916C6127ABD765000DB6BE /* BlockTestProtocolHandler.swift in Sources */ = {isa = PBXBuildFile; fileRef = 32916C5C27ABD765000DB6BE /* BlockTestProtocolHandler.swift */; };
		32916C6427ABD794000DB6BE /* APIClientTests.swift in Sources */ = {isa = PBXBuildFile; fileRef = 32916C6327ABD794000DB6BE /* APIClientTests.swift */; };
		32916C6627ABE857000DB6BE /* SampleEndpoint.swift in Sources */ = {isa = PBXBuildFile; fileRef = 32916C6527ABE857000DB6BE /* SampleEndpoint.swift */; };
		32916C6927AC6738000DB6BE /* MarvelEndpoint.swift in Sources */ = {isa = PBXBuildFile; fileRef = 32916C6827AC6738000DB6BE /* MarvelEndpoint.swift */; };
		32916C6B27AC69CA000DB6BE /* Secrets.swift in Sources */ = {isa = PBXBuildFile; fileRef = 32916C6A27AC69CA000DB6BE /* Secrets.swift */; };
		32916C6E27AC73A1000DB6BE /* Endpoint+Extension.swift in Sources */ = {isa = PBXBuildFile; fileRef = 32916C6D27AC73A1000DB6BE /* Endpoint+Extension.swift */; };
/* End PBXBuildFile section */

/* Begin PBXContainerItemProxy section */
		32916C2D27ABD538000DB6BE /* PBXContainerItemProxy */ = {
			isa = PBXContainerItemProxy;
			containerPortal = 32916C1427ABD534000DB6BE /* Project object */;
			proxyType = 1;
			remoteGlobalIDString = 32916C1B27ABD534000DB6BE;
			remoteInfo = Marvel;
		};
		32916C3727ABD538000DB6BE /* PBXContainerItemProxy */ = {
			isa = PBXContainerItemProxy;
			containerPortal = 32916C1427ABD534000DB6BE /* Project object */;
			proxyType = 1;
			remoteGlobalIDString = 32916C1B27ABD534000DB6BE;
			remoteInfo = Marvel;
		};
/* End PBXContainerItemProxy section */

/* Begin PBXFileReference section */
		32916C1C27ABD534000DB6BE /* Marvel.app */ = {isa = PBXFileReference; explicitFileType = wrapper.application; includeInIndex = 0; path = Marvel.app; sourceTree = BUILT_PRODUCTS_DIR; };
		32916C1F27ABD534000DB6BE /* MarvelApp.swift */ = {isa = PBXFileReference; lastKnownFileType = sourcecode.swift; path = MarvelApp.swift; sourceTree = "<group>"; };
		32916C2127ABD534000DB6BE /* ContentView.swift */ = {isa = PBXFileReference; lastKnownFileType = sourcecode.swift; path = ContentView.swift; sourceTree = "<group>"; };
		32916C2327ABD538000DB6BE /* Assets.xcassets */ = {isa = PBXFileReference; lastKnownFileType = folder.assetcatalog; path = Assets.xcassets; sourceTree = "<group>"; };
		32916C2627ABD538000DB6BE /* Preview Assets.xcassets */ = {isa = PBXFileReference; lastKnownFileType = folder.assetcatalog; path = "Preview Assets.xcassets"; sourceTree = "<group>"; };
		32916C2C27ABD538000DB6BE /* MarvelTests.xctest */ = {isa = PBXFileReference; explicitFileType = wrapper.cfbundle; includeInIndex = 0; path = MarvelTests.xctest; sourceTree = BUILT_PRODUCTS_DIR; };
		32916C3027ABD538000DB6BE /* MarvelTests.swift */ = {isa = PBXFileReference; lastKnownFileType = sourcecode.swift; path = MarvelTests.swift; sourceTree = "<group>"; };
		32916C3627ABD538000DB6BE /* MarvelUITests.xctest */ = {isa = PBXFileReference; explicitFileType = wrapper.cfbundle; includeInIndex = 0; path = MarvelUITests.xctest; sourceTree = BUILT_PRODUCTS_DIR; };
		32916C3A27ABD538000DB6BE /* MarvelUITests.swift */ = {isa = PBXFileReference; lastKnownFileType = sourcecode.swift; path = MarvelUITests.swift; sourceTree = "<group>"; };
		32916C3C27ABD538000DB6BE /* MarvelUITestsLaunchTests.swift */ = {isa = PBXFileReference; lastKnownFileType = sourcecode.swift; path = MarvelUITestsLaunchTests.swift; sourceTree = "<group>"; };
		32916C4A27ABD58B000DB6BE /* EndpointType.swift */ = {isa = PBXFileReference; fileEncoding = 4; lastKnownFileType = sourcecode.swift; path = EndpointType.swift; sourceTree = "<group>"; };
		32916C4B27ABD58B000DB6BE /* HTTPMethod.swift */ = {isa = PBXFileReference; fileEncoding = 4; lastKnownFileType = sourcecode.swift; path = HTTPMethod.swift; sourceTree = "<group>"; };
		32916C4C27ABD58B000DB6BE /* APIError.swift */ = {isa = PBXFileReference; fileEncoding = 4; lastKnownFileType = sourcecode.swift; path = APIError.swift; sourceTree = "<group>"; };
		32916C4E27ABD58B000DB6BE /* APIClient.swift */ = {isa = PBXFileReference; fileEncoding = 4; lastKnownFileType = sourcecode.swift; path = APIClient.swift; sourceTree = "<group>"; };
		32916C5927ABD765000DB6BE /* MockAPIClient.swift */ = {isa = PBXFileReference; fileEncoding = 4; lastKnownFileType = sourcecode.swift; path = MockAPIClient.swift; sourceTree = "<group>"; };
		32916C5A27ABD765000DB6BE /* SampleCodable.swift */ = {isa = PBXFileReference; fileEncoding = 4; lastKnownFileType = sourcecode.swift; path = SampleCodable.swift; sourceTree = "<group>"; };
		32916C5B27ABD765000DB6BE /* JSONParser.swift */ = {isa = PBXFileReference; fileEncoding = 4; lastKnownFileType = sourcecode.swift; path = JSONParser.swift; sourceTree = "<group>"; };
		32916C5C27ABD765000DB6BE /* BlockTestProtocolHandler.swift */ = {isa = PBXFileReference; fileEncoding = 4; lastKnownFileType = sourcecode.swift; path = BlockTestProtocolHandler.swift; sourceTree = "<group>"; };
		32916C6327ABD794000DB6BE /* APIClientTests.swift */ = {isa = PBXFileReference; fileEncoding = 4; lastKnownFileType = sourcecode.swift; path = APIClientTests.swift; sourceTree = "<group>"; };
		32916C6527ABE857000DB6BE /* SampleEndpoint.swift */ = {isa = PBXFileReference; lastKnownFileType = sourcecode.swift; path = SampleEndpoint.swift; sourceTree = "<group>"; };
		32916C6827AC6738000DB6BE /* MarvelEndpoint.swift */ = {isa = PBXFileReference; lastKnownFileType = sourcecode.swift; path = MarvelEndpoint.swift; sourceTree = "<group>"; };
		32916C6A27AC69CA000DB6BE /* Secrets.swift */ = {isa = PBXFileReference; lastKnownFileType = sourcecode.swift; path = Secrets.swift; sourceTree = "<group>"; };
		32916C6D27AC73A1000DB6BE /* Endpoint+Extension.swift */ = {isa = PBXFileReference; lastKnownFileType = sourcecode.swift; path = "Endpoint+Extension.swift"; sourceTree = "<group>"; };
/* End PBXFileReference section */

/* Begin PBXFrameworksBuildPhase section */
		32916C1927ABD534000DB6BE /* Frameworks */ = {
			isa = PBXFrameworksBuildPhase;
			buildActionMask = 2147483647;
			files = (
				32916C5627ABD64B000DB6BE /* Resolver in Frameworks */,
			);
			runOnlyForDeploymentPostprocessing = 0;
		};
		32916C2927ABD538000DB6BE /* Frameworks */ = {
			isa = PBXFrameworksBuildPhase;
			buildActionMask = 2147483647;
			files = (
			);
			runOnlyForDeploymentPostprocessing = 0;
		};
		32916C3327ABD538000DB6BE /* Frameworks */ = {
			isa = PBXFrameworksBuildPhase;
			buildActionMask = 2147483647;
			files = (
			);
			runOnlyForDeploymentPostprocessing = 0;
		};
/* End PBXFrameworksBuildPhase section */

/* Begin PBXGroup section */
		32916C1327ABD534000DB6BE = {
			isa = PBXGroup;
			children = (
				32916C1E27ABD534000DB6BE /* Marvel */,
				32916C2F27ABD538000DB6BE /* MarvelTests */,
				32916C3927ABD538000DB6BE /* MarvelUITests */,
				32916C1D27ABD534000DB6BE /* Products */,
			);
			sourceTree = "<group>";
		};
		32916C1D27ABD534000DB6BE /* Products */ = {
			isa = PBXGroup;
			children = (
				32916C1C27ABD534000DB6BE /* Marvel.app */,
				32916C2C27ABD538000DB6BE /* MarvelTests.xctest */,
				32916C3627ABD538000DB6BE /* MarvelUITests.xctest */,
			);
			name = Products;
			sourceTree = "<group>";
		};
		32916C1E27ABD534000DB6BE /* Marvel */ = {
			isa = PBXGroup;
			children = (
				32916C1F27ABD534000DB6BE /* MarvelApp.swift */,
				32916C2127ABD534000DB6BE /* ContentView.swift */,
				32916C2327ABD538000DB6BE /* Assets.xcassets */,
				32916C6727AC610E000DB6BE /* Data */,
				32916C4927ABD56F000DB6BE /* Networking */,
				32916C2527ABD538000DB6BE /* Preview Content */,
			);
			path = Marvel;
			sourceTree = "<group>";
		};
		32916C2527ABD538000DB6BE /* Preview Content */ = {
			isa = PBXGroup;
			children = (
				32916C2627ABD538000DB6BE /* Preview Assets.xcassets */,
			);
			path = "Preview Content";
			sourceTree = "<group>";
		};
		32916C2F27ABD538000DB6BE /* MarvelTests */ = {
			isa = PBXGroup;
			children = (
				32916C5727ABD73B000DB6BE /* NetworkTests */,
				32916C3027ABD538000DB6BE /* MarvelTests.swift */,
			);
			path = MarvelTests;
			sourceTree = "<group>";
		};
		32916C3927ABD538000DB6BE /* MarvelUITests */ = {
			isa = PBXGroup;
			children = (
				32916C3A27ABD538000DB6BE /* MarvelUITests.swift */,
				32916C3C27ABD538000DB6BE /* MarvelUITestsLaunchTests.swift */,
			);
			path = MarvelUITests;
			sourceTree = "<group>";
		};
		32916C4927ABD56F000DB6BE /* Networking */ = {
			isa = PBXGroup;
			children = (
				32916C4E27ABD58B000DB6BE /* APIClient.swift */,
				32916C4C27ABD58B000DB6BE /* APIError.swift */,
				32916C4A27ABD58B000DB6BE /* EndpointType.swift */,
				32916C4B27ABD58B000DB6BE /* HTTPMethod.swift */,
			);
			path = Networking;
			sourceTree = "<group>";
		};
		32916C5727ABD73B000DB6BE /* NetworkTests */ = {
			isa = PBXGroup;
			children = (
				32916C6327ABD794000DB6BE /* APIClientTests.swift */,
				32916C5827ABD758000DB6BE /* Helpers */,
			);
			path = NetworkTests;
			sourceTree = "<group>";
		};
		32916C5827ABD758000DB6BE /* Helpers */ = {
			isa = PBXGroup;
			children = (
				32916C5C27ABD765000DB6BE /* BlockTestProtocolHandler.swift */,
				32916C5B27ABD765000DB6BE /* JSONParser.swift */,
				32916C5927ABD765000DB6BE /* MockAPIClient.swift */,
				32916C5A27ABD765000DB6BE /* SampleCodable.swift */,
				32916C6527ABE857000DB6BE /* SampleEndpoint.swift */,
			);
			path = Helpers;
			sourceTree = "<group>";
		};
		32916C6727AC610E000DB6BE /* Data */ = {
			isa = PBXGroup;
			children = (
				32916C6C27AC69D4000DB6BE /* Endpoints */,
			);
			path = Data;
			sourceTree = "<group>";
		};
		32916C6C27AC69D4000DB6BE /* Endpoints */ = {
			isa = PBXGroup;
			children = (
				32916C6827AC6738000DB6BE /* MarvelEndpoint.swift */,
				32916C6A27AC69CA000DB6BE /* Secrets.swift */,
				32916C6D27AC73A1000DB6BE /* Endpoint+Extension.swift */,
			);
			path = Endpoints;
			sourceTree = "<group>";
		};
/* End PBXGroup section */

/* Begin PBXNativeTarget section */
		32916C1B27ABD534000DB6BE /* Marvel */ = {
			isa = PBXNativeTarget;
			buildConfigurationList = 32916C4027ABD538000DB6BE /* Build configuration list for PBXNativeTarget "Marvel" */;
			buildPhases = (
				32916C1827ABD534000DB6BE /* Sources */,
				32916C1927ABD534000DB6BE /* Frameworks */,
				32916C1A27ABD534000DB6BE /* Resources */,
			);
			buildRules = (
			);
			dependencies = (
			);
			name = Marvel;
			packageProductDependencies = (
				32916C5527ABD64B000DB6BE /* Resolver */,
			);
			productName = Marvel;
			productReference = 32916C1C27ABD534000DB6BE /* Marvel.app */;
			productType = "com.apple.product-type.application";
		};
		32916C2B27ABD538000DB6BE /* MarvelTests */ = {
			isa = PBXNativeTarget;
			buildConfigurationList = 32916C4327ABD538000DB6BE /* Build configuration list for PBXNativeTarget "MarvelTests" */;
			buildPhases = (
				32916C2827ABD538000DB6BE /* Sources */,
				32916C2927ABD538000DB6BE /* Frameworks */,
				32916C2A27ABD538000DB6BE /* Resources */,
			);
			buildRules = (
			);
			dependencies = (
				32916C2E27ABD538000DB6BE /* PBXTargetDependency */,
			);
			name = MarvelTests;
			productName = MarvelTests;
			productReference = 32916C2C27ABD538000DB6BE /* MarvelTests.xctest */;
			productType = "com.apple.product-type.bundle.unit-test";
		};
		32916C3527ABD538000DB6BE /* MarvelUITests */ = {
			isa = PBXNativeTarget;
			buildConfigurationList = 32916C4627ABD538000DB6BE /* Build configuration list for PBXNativeTarget "MarvelUITests" */;
			buildPhases = (
				32916C3227ABD538000DB6BE /* Sources */,
				32916C3327ABD538000DB6BE /* Frameworks */,
				32916C3427ABD538000DB6BE /* Resources */,
			);
			buildRules = (
			);
			dependencies = (
				32916C3827ABD538000DB6BE /* PBXTargetDependency */,
			);
			name = MarvelUITests;
			productName = MarvelUITests;
			productReference = 32916C3627ABD538000DB6BE /* MarvelUITests.xctest */;
			productType = "com.apple.product-type.bundle.ui-testing";
		};
/* End PBXNativeTarget section */

/* Begin PBXProject section */
		32916C1427ABD534000DB6BE /* Project object */ = {
			isa = PBXProject;
			attributes = {
				BuildIndependentTargetsInParallel = 1;
				LastSwiftUpdateCheck = 1320;
				LastUpgradeCheck = 1320;
				TargetAttributes = {
					32916C1B27ABD534000DB6BE = {
						CreatedOnToolsVersion = 13.2.1;
					};
					32916C2B27ABD538000DB6BE = {
						CreatedOnToolsVersion = 13.2.1;
						TestTargetID = 32916C1B27ABD534000DB6BE;
					};
					32916C3527ABD538000DB6BE = {
						CreatedOnToolsVersion = 13.2.1;
						TestTargetID = 32916C1B27ABD534000DB6BE;
					};
				};
			};
			buildConfigurationList = 32916C1727ABD534000DB6BE /* Build configuration list for PBXProject "Marvel" */;
			compatibilityVersion = "Xcode 13.0";
			developmentRegion = en;
			hasScannedForEncodings = 0;
			knownRegions = (
				en,
				Base,
			);
			mainGroup = 32916C1327ABD534000DB6BE;
			packageReferences = (
				32916C5427ABD64B000DB6BE /* XCRemoteSwiftPackageReference "Resolver" */,
			);
			productRefGroup = 32916C1D27ABD534000DB6BE /* Products */;
			projectDirPath = "";
			projectRoot = "";
			targets = (
				32916C1B27ABD534000DB6BE /* Marvel */,
				32916C2B27ABD538000DB6BE /* MarvelTests */,
				32916C3527ABD538000DB6BE /* MarvelUITests */,
			);
		};
/* End PBXProject section */

/* Begin PBXResourcesBuildPhase section */
		32916C1A27ABD534000DB6BE /* Resources */ = {
			isa = PBXResourcesBuildPhase;
			buildActionMask = 2147483647;
			files = (
				32916C2727ABD538000DB6BE /* Preview Assets.xcassets in Resources */,
				32916C2427ABD538000DB6BE /* Assets.xcassets in Resources */,
			);
			runOnlyForDeploymentPostprocessing = 0;
		};
		32916C2A27ABD538000DB6BE /* Resources */ = {
			isa = PBXResourcesBuildPhase;
			buildActionMask = 2147483647;
			files = (
			);
			runOnlyForDeploymentPostprocessing = 0;
		};
		32916C3427ABD538000DB6BE /* Resources */ = {
			isa = PBXResourcesBuildPhase;
			buildActionMask = 2147483647;
			files = (
			);
			runOnlyForDeploymentPostprocessing = 0;
		};
/* End PBXResourcesBuildPhase section */

/* Begin PBXSourcesBuildPhase section */
		32916C1827ABD534000DB6BE /* Sources */ = {
			isa = PBXSourcesBuildPhase;
			buildActionMask = 2147483647;
			files = (
				32916C5027ABD58B000DB6BE /* HTTPMethod.swift in Sources */,
				32916C5327ABD58B000DB6BE /* APIClient.swift in Sources */,
				32916C2227ABD534000DB6BE /* ContentView.swift in Sources */,
				32916C2027ABD534000DB6BE /* MarvelApp.swift in Sources */,
				32916C5127ABD58B000DB6BE /* APIError.swift in Sources */,
				32916C6E27AC73A1000DB6BE /* Endpoint+Extension.swift in Sources */,
				32916C4F27ABD58B000DB6BE /* EndpointType.swift in Sources */,
				32916C6927AC6738000DB6BE /* MarvelEndpoint.swift in Sources */,
				32916C6B27AC69CA000DB6BE /* Secrets.swift in Sources */,
			);
			runOnlyForDeploymentPostprocessing = 0;
		};
		32916C2827ABD538000DB6BE /* Sources */ = {
			isa = PBXSourcesBuildPhase;
			buildActionMask = 2147483647;
			files = (
				32916C3127ABD538000DB6BE /* MarvelTests.swift in Sources */,
				32916C5E27ABD765000DB6BE /* MockAPIClient.swift in Sources */,
				32916C6027ABD765000DB6BE /* JSONParser.swift in Sources */,
				32916C6627ABE857000DB6BE /* SampleEndpoint.swift in Sources */,
				32916C6427ABD794000DB6BE /* APIClientTests.swift in Sources */,
				32916C5F27ABD765000DB6BE /* SampleCodable.swift in Sources */,
				32916C6127ABD765000DB6BE /* BlockTestProtocolHandler.swift in Sources */,
			);
			runOnlyForDeploymentPostprocessing = 0;
		};
		32916C3227ABD538000DB6BE /* Sources */ = {
			isa = PBXSourcesBuildPhase;
			buildActionMask = 2147483647;
			files = (
				32916C3B27ABD538000DB6BE /* MarvelUITests.swift in Sources */,
				32916C3D27ABD538000DB6BE /* MarvelUITestsLaunchTests.swift in Sources */,
			);
			runOnlyForDeploymentPostprocessing = 0;
		};
/* End PBXSourcesBuildPhase section */

/* Begin PBXTargetDependency section */
		32916C2E27ABD538000DB6BE /* PBXTargetDependency */ = {
			isa = PBXTargetDependency;
			target = 32916C1B27ABD534000DB6BE /* Marvel */;
			targetProxy = 32916C2D27ABD538000DB6BE /* PBXContainerItemProxy */;
		};
		32916C3827ABD538000DB6BE /* PBXTargetDependency */ = {
			isa = PBXTargetDependency;
			target = 32916C1B27ABD534000DB6BE /* Marvel */;
			targetProxy = 32916C3727ABD538000DB6BE /* PBXContainerItemProxy */;
		};
/* End PBXTargetDependency section */

/* Begin XCBuildConfiguration section */
		32916C3E27ABD538000DB6BE /* Debug */ = {
			isa = XCBuildConfiguration;
			buildSettings = {
				ALWAYS_SEARCH_USER_PATHS = NO;
				CLANG_ANALYZER_NONNULL = YES;
				CLANG_ANALYZER_NUMBER_OBJECT_CONVERSION = YES_AGGRESSIVE;
				CLANG_CXX_LANGUAGE_STANDARD = "gnu++17";
				CLANG_CXX_LIBRARY = "libc++";
				CLANG_ENABLE_MODULES = YES;
				CLANG_ENABLE_OBJC_ARC = YES;
				CLANG_ENABLE_OBJC_WEAK = YES;
				CLANG_WARN_BLOCK_CAPTURE_AUTORELEASING = YES;
				CLANG_WARN_BOOL_CONVERSION = YES;
				CLANG_WARN_COMMA = YES;
				CLANG_WARN_CONSTANT_CONVERSION = YES;
				CLANG_WARN_DEPRECATED_OBJC_IMPLEMENTATIONS = YES;
				CLANG_WARN_DIRECT_OBJC_ISA_USAGE = YES_ERROR;
				CLANG_WARN_DOCUMENTATION_COMMENTS = YES;
				CLANG_WARN_EMPTY_BODY = YES;
				CLANG_WARN_ENUM_CONVERSION = YES;
				CLANG_WARN_INFINITE_RECURSION = YES;
				CLANG_WARN_INT_CONVERSION = YES;
				CLANG_WARN_NON_LITERAL_NULL_CONVERSION = YES;
				CLANG_WARN_OBJC_IMPLICIT_RETAIN_SELF = YES;
				CLANG_WARN_OBJC_LITERAL_CONVERSION = YES;
				CLANG_WARN_OBJC_ROOT_CLASS = YES_ERROR;
				CLANG_WARN_QUOTED_INCLUDE_IN_FRAMEWORK_HEADER = YES;
				CLANG_WARN_RANGE_LOOP_ANALYSIS = YES;
				CLANG_WARN_STRICT_PROTOTYPES = YES;
				CLANG_WARN_SUSPICIOUS_MOVE = YES;
				CLANG_WARN_UNGUARDED_AVAILABILITY = YES_AGGRESSIVE;
				CLANG_WARN_UNREACHABLE_CODE = YES;
				CLANG_WARN__DUPLICATE_METHOD_MATCH = YES;
				COPY_PHASE_STRIP = NO;
				DEBUG_INFORMATION_FORMAT = dwarf;
				ENABLE_STRICT_OBJC_MSGSEND = YES;
				ENABLE_TESTABILITY = YES;
				GCC_C_LANGUAGE_STANDARD = gnu11;
				GCC_DYNAMIC_NO_PIC = NO;
				GCC_NO_COMMON_BLOCKS = YES;
				GCC_OPTIMIZATION_LEVEL = 0;
				GCC_PREPROCESSOR_DEFINITIONS = (
					"DEBUG=1",
					"$(inherited)",
				);
				GCC_WARN_64_TO_32_BIT_CONVERSION = YES;
				GCC_WARN_ABOUT_RETURN_TYPE = YES_ERROR;
				GCC_WARN_UNDECLARED_SELECTOR = YES;
				GCC_WARN_UNINITIALIZED_AUTOS = YES_AGGRESSIVE;
				GCC_WARN_UNUSED_FUNCTION = YES;
				GCC_WARN_UNUSED_VARIABLE = YES;
				IPHONEOS_DEPLOYMENT_TARGET = 15.2;
				MTL_ENABLE_DEBUG_INFO = INCLUDE_SOURCE;
				MTL_FAST_MATH = YES;
				ONLY_ACTIVE_ARCH = YES;
				SDKROOT = iphoneos;
				SWIFT_ACTIVE_COMPILATION_CONDITIONS = DEBUG;
				SWIFT_OPTIMIZATION_LEVEL = "-Onone";
			};
			name = Debug;
		};
		32916C3F27ABD538000DB6BE /* Release */ = {
			isa = XCBuildConfiguration;
			buildSettings = {
				ALWAYS_SEARCH_USER_PATHS = NO;
				CLANG_ANALYZER_NONNULL = YES;
				CLANG_ANALYZER_NUMBER_OBJECT_CONVERSION = YES_AGGRESSIVE;
				CLANG_CXX_LANGUAGE_STANDARD = "gnu++17";
				CLANG_CXX_LIBRARY = "libc++";
				CLANG_ENABLE_MODULES = YES;
				CLANG_ENABLE_OBJC_ARC = YES;
				CLANG_ENABLE_OBJC_WEAK = YES;
				CLANG_WARN_BLOCK_CAPTURE_AUTORELEASING = YES;
				CLANG_WARN_BOOL_CONVERSION = YES;
				CLANG_WARN_COMMA = YES;
				CLANG_WARN_CONSTANT_CONVERSION = YES;
				CLANG_WARN_DEPRECATED_OBJC_IMPLEMENTATIONS = YES;
				CLANG_WARN_DIRECT_OBJC_ISA_USAGE = YES_ERROR;
				CLANG_WARN_DOCUMENTATION_COMMENTS = YES;
				CLANG_WARN_EMPTY_BODY = YES;
				CLANG_WARN_ENUM_CONVERSION = YES;
				CLANG_WARN_INFINITE_RECURSION = YES;
				CLANG_WARN_INT_CONVERSION = YES;
				CLANG_WARN_NON_LITERAL_NULL_CONVERSION = YES;
				CLANG_WARN_OBJC_IMPLICIT_RETAIN_SELF = YES;
				CLANG_WARN_OBJC_LITERAL_CONVERSION = YES;
				CLANG_WARN_OBJC_ROOT_CLASS = YES_ERROR;
				CLANG_WARN_QUOTED_INCLUDE_IN_FRAMEWORK_HEADER = YES;
				CLANG_WARN_RANGE_LOOP_ANALYSIS = YES;
				CLANG_WARN_STRICT_PROTOTYPES = YES;
				CLANG_WARN_SUSPICIOUS_MOVE = YES;
				CLANG_WARN_UNGUARDED_AVAILABILITY = YES_AGGRESSIVE;
				CLANG_WARN_UNREACHABLE_CODE = YES;
				CLANG_WARN__DUPLICATE_METHOD_MATCH = YES;
				COPY_PHASE_STRIP = NO;
				DEBUG_INFORMATION_FORMAT = "dwarf-with-dsym";
				ENABLE_NS_ASSERTIONS = NO;
				ENABLE_STRICT_OBJC_MSGSEND = YES;
				GCC_C_LANGUAGE_STANDARD = gnu11;
				GCC_NO_COMMON_BLOCKS = YES;
				GCC_WARN_64_TO_32_BIT_CONVERSION = YES;
				GCC_WARN_ABOUT_RETURN_TYPE = YES_ERROR;
				GCC_WARN_UNDECLARED_SELECTOR = YES;
				GCC_WARN_UNINITIALIZED_AUTOS = YES_AGGRESSIVE;
				GCC_WARN_UNUSED_FUNCTION = YES;
				GCC_WARN_UNUSED_VARIABLE = YES;
				IPHONEOS_DEPLOYMENT_TARGET = 15.2;
				MTL_ENABLE_DEBUG_INFO = NO;
				MTL_FAST_MATH = YES;
				SDKROOT = iphoneos;
				SWIFT_COMPILATION_MODE = wholemodule;
				SWIFT_OPTIMIZATION_LEVEL = "-O";
				VALIDATE_PRODUCT = YES;
			};
			name = Release;
		};
		32916C4127ABD538000DB6BE /* Debug */ = {
			isa = XCBuildConfiguration;
			buildSettings = {
				ASSETCATALOG_COMPILER_APPICON_NAME = AppIcon;
				ASSETCATALOG_COMPILER_GLOBAL_ACCENT_COLOR_NAME = AccentColor;
				CODE_SIGN_STYLE = Automatic;
				CURRENT_PROJECT_VERSION = 1;
				DEVELOPMENT_ASSET_PATHS = "\"Marvel/Preview Content\"";
				ENABLE_PREVIEWS = YES;
				GENERATE_INFOPLIST_FILE = YES;
				INFOPLIST_KEY_UIApplicationSceneManifest_Generation = YES;
				INFOPLIST_KEY_UIApplicationSupportsIndirectInputEvents = YES;
				INFOPLIST_KEY_UILaunchScreen_Generation = YES;
				INFOPLIST_KEY_UISupportedInterfaceOrientations_iPad = "UIInterfaceOrientationPortrait UIInterfaceOrientationPortraitUpsideDown UIInterfaceOrientationLandscapeLeft UIInterfaceOrientationLandscapeRight";
				INFOPLIST_KEY_UISupportedInterfaceOrientations_iPhone = "UIInterfaceOrientationPortrait UIInterfaceOrientationLandscapeLeft UIInterfaceOrientationLandscapeRight";
				LD_RUNPATH_SEARCH_PATHS = (
					"$(inherited)",
					"@executable_path/Frameworks",
				);
				MARKETING_VERSION = 1.0;
				PRODUCT_BUNDLE_IDENTIFIER = com.vivek.marvel.Marvel;
				PRODUCT_NAME = "$(TARGET_NAME)";
				SWIFT_EMIT_LOC_STRINGS = YES;
				SWIFT_VERSION = 5.0;
				TARGETED_DEVICE_FAMILY = "1,2";
			};
			name = Debug;
		};
		32916C4227ABD538000DB6BE /* Release */ = {
			isa = XCBuildConfiguration;
			buildSettings = {
				ASSETCATALOG_COMPILER_APPICON_NAME = AppIcon;
				ASSETCATALOG_COMPILER_GLOBAL_ACCENT_COLOR_NAME = AccentColor;
				CODE_SIGN_STYLE = Automatic;
				CURRENT_PROJECT_VERSION = 1;
				DEVELOPMENT_ASSET_PATHS = "\"Marvel/Preview Content\"";
				ENABLE_PREVIEWS = YES;
				GENERATE_INFOPLIST_FILE = YES;
				INFOPLIST_KEY_UIApplicationSceneManifest_Generation = YES;
				INFOPLIST_KEY_UIApplicationSupportsIndirectInputEvents = YES;
				INFOPLIST_KEY_UILaunchScreen_Generation = YES;
				INFOPLIST_KEY_UISupportedInterfaceOrientations_iPad = "UIInterfaceOrientationPortrait UIInterfaceOrientationPortraitUpsideDown UIInterfaceOrientationLandscapeLeft UIInterfaceOrientationLandscapeRight";
				INFOPLIST_KEY_UISupportedInterfaceOrientations_iPhone = "UIInterfaceOrientationPortrait UIInterfaceOrientationLandscapeLeft UIInterfaceOrientationLandscapeRight";
				LD_RUNPATH_SEARCH_PATHS = (
					"$(inherited)",
					"@executable_path/Frameworks",
				);
				MARKETING_VERSION = 1.0;
				PRODUCT_BUNDLE_IDENTIFIER = com.vivek.marvel.Marvel;
				PRODUCT_NAME = "$(TARGET_NAME)";
				SWIFT_EMIT_LOC_STRINGS = YES;
				SWIFT_VERSION = 5.0;
				TARGETED_DEVICE_FAMILY = "1,2";
			};
			name = Release;
		};
		32916C4427ABD538000DB6BE /* Debug */ = {
			isa = XCBuildConfiguration;
			buildSettings = {
				ALWAYS_EMBED_SWIFT_STANDARD_LIBRARIES = YES;
				BUNDLE_LOADER = "$(TEST_HOST)";
				CODE_SIGN_STYLE = Automatic;
				CURRENT_PROJECT_VERSION = 1;
				GENERATE_INFOPLIST_FILE = YES;
				IPHONEOS_DEPLOYMENT_TARGET = 15.2;
				MARKETING_VERSION = 1.0;
				PRODUCT_BUNDLE_IDENTIFIER = com.vivek.marvel.MarvelTests;
				PRODUCT_NAME = "$(TARGET_NAME)";
				SWIFT_EMIT_LOC_STRINGS = NO;
				SWIFT_VERSION = 5.0;
				TARGETED_DEVICE_FAMILY = "1,2";
				TEST_HOST = "$(BUILT_PRODUCTS_DIR)/Marvel.app/Marvel";
			};
			name = Debug;
		};
		32916C4527ABD538000DB6BE /* Release */ = {
			isa = XCBuildConfiguration;
			buildSettings = {
				ALWAYS_EMBED_SWIFT_STANDARD_LIBRARIES = YES;
				BUNDLE_LOADER = "$(TEST_HOST)";
				CODE_SIGN_STYLE = Automatic;
				CURRENT_PROJECT_VERSION = 1;
				GENERATE_INFOPLIST_FILE = YES;
				IPHONEOS_DEPLOYMENT_TARGET = 15.2;
				MARKETING_VERSION = 1.0;
				PRODUCT_BUNDLE_IDENTIFIER = com.vivek.marvel.MarvelTests;
				PRODUCT_NAME = "$(TARGET_NAME)";
				SWIFT_EMIT_LOC_STRINGS = NO;
				SWIFT_VERSION = 5.0;
				TARGETED_DEVICE_FAMILY = "1,2";
				TEST_HOST = "$(BUILT_PRODUCTS_DIR)/Marvel.app/Marvel";
			};
			name = Release;
		};
		32916C4727ABD538000DB6BE /* Debug */ = {
			isa = XCBuildConfiguration;
			buildSettings = {
				ALWAYS_EMBED_SWIFT_STANDARD_LIBRARIES = YES;
				CODE_SIGN_STYLE = Automatic;
				CURRENT_PROJECT_VERSION = 1;
				GENERATE_INFOPLIST_FILE = YES;
				MARKETING_VERSION = 1.0;
				PRODUCT_BUNDLE_IDENTIFIER = com.vivek.marvel.MarvelUITests;
				PRODUCT_NAME = "$(TARGET_NAME)";
				SWIFT_EMIT_LOC_STRINGS = NO;
				SWIFT_VERSION = 5.0;
				TARGETED_DEVICE_FAMILY = "1,2";
				TEST_TARGET_NAME = Marvel;
			};
			name = Debug;
		};
		32916C4827ABD538000DB6BE /* Release */ = {
			isa = XCBuildConfiguration;
			buildSettings = {
				ALWAYS_EMBED_SWIFT_STANDARD_LIBRARIES = YES;
				CODE_SIGN_STYLE = Automatic;
				CURRENT_PROJECT_VERSION = 1;
				GENERATE_INFOPLIST_FILE = YES;
				MARKETING_VERSION = 1.0;
				PRODUCT_BUNDLE_IDENTIFIER = com.vivek.marvel.MarvelUITests;
				PRODUCT_NAME = "$(TARGET_NAME)";
				SWIFT_EMIT_LOC_STRINGS = NO;
				SWIFT_VERSION = 5.0;
				TARGETED_DEVICE_FAMILY = "1,2";
				TEST_TARGET_NAME = Marvel;
			};
			name = Release;
		};
/* End XCBuildConfiguration section */

/* Begin XCConfigurationList section */
		32916C1727ABD534000DB6BE /* Build configuration list for PBXProject "Marvel" */ = {
			isa = XCConfigurationList;
			buildConfigurations = (
				32916C3E27ABD538000DB6BE /* Debug */,
				32916C3F27ABD538000DB6BE /* Release */,
			);
			defaultConfigurationIsVisible = 0;
			defaultConfigurationName = Release;
		};
		32916C4027ABD538000DB6BE /* Build configuration list for PBXNativeTarget "Marvel" */ = {
			isa = XCConfigurationList;
			buildConfigurations = (
				32916C4127ABD538000DB6BE /* Debug */,
				32916C4227ABD538000DB6BE /* Release */,
			);
			defaultConfigurationIsVisible = 0;
			defaultConfigurationName = Release;
		};
		32916C4327ABD538000DB6BE /* Build configuration list for PBXNativeTarget "MarvelTests" */ = {
			isa = XCConfigurationList;
			buildConfigurations = (
				32916C4427ABD538000DB6BE /* Debug */,
				32916C4527ABD538000DB6BE /* Release */,
			);
			defaultConfigurationIsVisible = 0;
			defaultConfigurationName = Release;
		};
		32916C4627ABD538000DB6BE /* Build configuration list for PBXNativeTarget "MarvelUITests" */ = {
			isa = XCConfigurationList;
			buildConfigurations = (
				32916C4727ABD538000DB6BE /* Debug */,
				32916C4827ABD538000DB6BE /* Release */,
			);
			defaultConfigurationIsVisible = 0;
			defaultConfigurationName = Release;
		};
/* End XCConfigurationList section */

/* Begin XCRemoteSwiftPackageReference section */
		32916C5427ABD64B000DB6BE /* XCRemoteSwiftPackageReference "Resolver" */ = {
			isa = XCRemoteSwiftPackageReference;
			repositoryURL = "https://github.com/hmlongco/Resolver";
			requirement = {
				branch = master;
				kind = branch;
			};
		};
/* End XCRemoteSwiftPackageReference section */

/* Begin XCSwiftPackageProductDependency section */
		32916C5527ABD64B000DB6BE /* Resolver */ = {
			isa = XCSwiftPackageProductDependency;
			package = 32916C5427ABD64B000DB6BE /* XCRemoteSwiftPackageReference "Resolver" */;
			productName = Resolver;
		};
/* End XCSwiftPackageProductDependency section */
	};
	rootObject = 32916C1427ABD534000DB6BE /* Project object */;
}
